
Microsoft Visual Studio Solution File, Format Version 12.00
# Visual Studio Version 16
VisualStudioVersion = 16.0.30413.136
MinimumVisualStudioVersion = 10.0.40219.1
Project("{FAE04EC0-301F-11D3-BF4B-00C04F79EFBC}") = "Meowzic", "Meowzic\Meowzic.csproj", "{73E21602-E5FB-46BD-8FBC-C18E72E79089}"
EndProject
Project("{FAE04EC0-301F-11D3-BF4B-00C04F79EFBC}") = "Meowzic.View", "Meowzic.View\Meowzic.View.csproj", "{5365817E-0BC2-4444-BFFB-30EC3577D510}"
EndProject
Global
	GlobalSection(SolutionConfigurationPlatforms) = preSolution
		Debug|Any CPU = Debug|Any CPU
		Release|Any CPU = Release|Any CPU
	EndGlobalSection
	GlobalSection(ProjectConfigurationPlatforms) = postSolution
		{73E21602-E5FB-46BD-8FBC-C18E72E79089}.Debug|Any CPU.ActiveCfg = Debug|Any CPU
		{73E21602-E5FB-46BD-8FBC-C18E72E79089}.Debug|Any CPU.Build.0 = Debug|Any CPU
		{73E21602-E5FB-46BD-8FBC-C18E72E79089}.Release|Any CPU.ActiveCfg = Release|Any CPU
		{73E21602-E5FB-46BD-8FBC-C18E72E79089}.Release|Any CPU.Build.0 = Release|Any CPU
		{5365817E-0BC2-4444-BFFB-30EC3577D510}.Debug|Any CPU.ActiveCfg = Debug|Any CPU
		{5365817E-0BC2-4444-BFFB-30EC3577D510}.Debug|Any CPU.Build.0 = Debug|Any CPU
		{5365817E-0BC2-4444-BFFB-30EC3577D510}.Release|Any CPU.ActiveCfg = Release|Any CPU
		{5365817E-0BC2-4444-BFFB-30EC3577D510}.Release|Any CPU.Build.0 = Release|Any CPU
	EndGlobalSection
	GlobalSection(SolutionProperties) = preSolution
		HideSolutionNode = FALSE
	EndGlobalSection
	GlobalSection(ExtensibilityGlobals) = postSolution
		SolutionGuid = {EAC89DC4-ABC6-4B3A-B392-3A4C6F79BEE6}
	EndGlobalSection
EndGlobal
